
Microsoft Visual Studio Solution File, Format Version 12.00
# Visual Studio Version 17
VisualStudioVersion = 17.1.32319.34
MinimumVisualStudioVersion = 10.0.40219.1
Project("{FAE04EC0-301F-11D3-BF4B-00C04F79EFBC}") = "Task6", "Task6\Task6.csproj", "{887719B9-BF07-40DB-A6C3-C0074DFEC571}"
EndProject
Global
	GlobalSection(SolutionConfigurationPlatforms) = preSolution
		Debug|Any CPU = Debug|Any CPU
		Release|Any CPU = Release|Any CPU
	EndGlobalSection
	GlobalSection(ProjectConfigurationPlatforms) = postSolution
		{887719B9-BF07-40DB-A6C3-C0074DFEC571}.Debug|Any CPU.ActiveCfg = Debug|Any CPU
		{887719B9-BF07-40DB-A6C3-C0074DFEC571}.Debug|Any CPU.Build.0 = Debug|Any CPU
		{887719B9-BF07-40DB-A6C3-C0074DFEC571}.Release|Any CPU.ActiveCfg = Release|Any CPU
		{887719B9-BF07-40DB-A6C3-C0074DFEC571}.Release|Any CPU.Build.0 = Release|Any CPU
	EndGlobalSection
	GlobalSection(SolutionProperties) = preSolution
		HideSolutionNode = FALSE
	EndGlobalSection
	GlobalSection(ExtensibilityGlobals) = postSolution
		SolutionGuid = {FBB27CE0-F241-4BEC-91BB-9CDE1F78850A}
	EndGlobalSection
EndGlobal
